
Microsoft Visual Studio Solution File, Format Version 12.00
# Visual Studio Version 16
VisualStudioVersion = 16.0.34407.143
MinimumVisualStudioVersion = 10.0.40219.1
Project("{FAE04EC0-301F-11D3-BF4B-00C04F79EFBC}") = "Otobeas-Publish", "Otobeas-Publish\Otobeas-Publish.csproj", "{2AD14444-4949-4E74-93B3-AD988B54CFB1}"
EndProject
Global
	GlobalSection(SolutionConfigurationPlatforms) = preSolution
		Debug|Any CPU = Debug|Any CPU
		Release|Any CPU = Release|Any CPU
	EndGlobalSection
	GlobalSection(ProjectConfigurationPlatforms) = postSolution
		{2AD14444-4949-4E74-93B3-AD988B54CFB1}.Debug|Any CPU.ActiveCfg = Debug|Any CPU
		{2AD14444-4949-4E74-93B3-AD988B54CFB1}.Debug|Any CPU.Build.0 = Debug|Any CPU
		{2AD14444-4949-4E74-93B3-AD988B54CFB1}.Release|Any CPU.ActiveCfg = Release|Any CPU
		{2AD14444-4949-4E74-93B3-AD988B54CFB1}.Release|Any CPU.Build.0 = Release|Any CPU
	EndGlobalSection
	GlobalSection(SolutionProperties) = preSolution
		HideSolutionNode = FALSE
	EndGlobalSection
	GlobalSection(ExtensibilityGlobals) = postSolution
		SolutionGuid = {979BF0AA-994E-44C1-9225-0B3849C61179}
	EndGlobalSection
EndGlobal
